{
    "_meta": {
        "hash": {
            "sha256": "6a0e0a1612b640ea0d5994a492e40ddc9cae62b24837ec2d03d81826178b57b5"
        },
        "pipfile-spec": 6,
        "requires": {
            "python_version": "3.7"
        },
        "sources": [
            {
                "name": "pypi",
                "url": "https://pypi.org/simple",
                "verify_ssl": true
            }
        ]
    },
    "default": {},
    "develop": {
        "adafruit-adxl34x": {
            "git": "https://github.com/adafruit/Adafruit_CircuitPython_ADXL34x.git",
            "ref": "818e1f80ea8d4fd0d51a2c23cd4305ae484521ae"
        },
        "adafruit-trellism4": {
            "git": "https://github.com/adafruit/Adafruit_CircuitPython_TrellisM4.git",
            "ref": "4997633b90ee4314d469e316fc9623baf1150aa4"
        },
        "pyne-test": {
            "git": "https://github.com/Avvir/pyne.git",
            "ref": "fb64feb04f548ecb5b42420edd4593445f8adcdb"
        }
    }
}
